
Microsoft Visual Studio Solution File, Format Version 12.00
# Visual Studio Version 17
VisualStudioVersion = 17.4.33205.214
MinimumVisualStudioVersion = 10.0.40219.1
Project("{FAE04EC0-301F-11D3-BF4B-00C04F79EFBC}") = "Gestion_Librairie", "Gestion_Librairie\Gestion_Librairie.csproj", "{1C5A6005-092A-4165-9896-6E5603BF7D3D}"
EndProject
Global
	GlobalSection(SolutionConfigurationPlatforms) = preSolution
		Debug|Any CPU = Debug|Any CPU
		Release|Any CPU = Release|Any CPU
	EndGlobalSection
	GlobalSection(ProjectConfigurationPlatforms) = postSolution
		{1C5A6005-092A-4165-9896-6E5603BF7D3D}.Debug|Any CPU.ActiveCfg = Debug|Any CPU
		{1C5A6005-092A-4165-9896-6E5603BF7D3D}.Debug|Any CPU.Build.0 = Debug|Any CPU
		{1C5A6005-092A-4165-9896-6E5603BF7D3D}.Release|Any CPU.ActiveCfg = Release|Any CPU
		{1C5A6005-092A-4165-9896-6E5603BF7D3D}.Release|Any CPU.Build.0 = Release|Any CPU
	EndGlobalSection
	GlobalSection(SolutionProperties) = preSolution
		HideSolutionNode = FALSE
	EndGlobalSection
	GlobalSection(ExtensibilityGlobals) = postSolution
		SolutionGuid = {1CEB533C-4AB4-41B2-807A-CE6AA5E650D3}
	EndGlobalSection
EndGlobal
